// !$*UTF8*$!
{
	archiveVersion = 1;
	classes = {
	};
	objectVersion = 46;
	objects = {

/* Begin PBXBuildFile section */
		E4F2EDE01E8E9DEB005090AD /* main.m in Sources */ = {isa = PBXBuildFile; fileRef = E4F2EDDF1E8E9DEB005090AD /* main.m */; };
		E4F2EDE31E8E9DEB005090AD /* AppDelegate.m in Sources */ = {isa = PBXBuildFile; fileRef = E4F2EDE21E8E9DEB005090AD /* AppDelegate.m */; };
		E4F2EDEB1E8E9DEB005090AD /* Assets.xcassets in Resources */ = {isa = PBXBuildFile; fileRef = E4F2EDEA1E8E9DEB005090AD /* Assets.xcassets */; };
		E4F2EDEE1E8E9DEB005090AD /* LaunchScreen.storyboard in Resources */ = {isa = PBXBuildFile; fileRef = E4F2EDEC1E8E9DEB005090AD /* LaunchScreen.storyboard */; };
		E4F2EDF91E8E9DEB005090AD /* HelloWindowHudTests.m in Sources */ = {isa = PBXBuildFile; fileRef = E4F2EDF81E8E9DEB005090AD /* HelloWindowHudTests.m */; };
		E4F2EE041E8E9DEB005090AD /* HelloWindowHudUITests.m in Sources */ = {isa = PBXBuildFile; fileRef = E4F2EE031E8E9DEB005090AD /* HelloWindowHudUITests.m */; };
		E4F2EE131E8E9E22005090AD /* HHExampleTableViewController.m in Sources */ = {isa = PBXBuildFile; fileRef = E4F2EE121E8E9E22005090AD /* HHExampleTableViewController.m */; };
		E4F2EE171E8E9F59005090AD /* HelloWindowHud.m in Sources */ = {isa = PBXBuildFile; fileRef = E4F2EE161E8E9F59005090AD /* HelloWindowHud.m */; };
/* End PBXBuildFile section */

/* Begin PBXContainerItemProxy section */
		E4F2EDF51E8E9DEB005090AD /* PBXContainerItemProxy */ = {
			isa = PBXContainerItemProxy;
			containerPortal = E4F2EDD31E8E9DEB005090AD /* Project object */;
			proxyType = 1;
			remoteGlobalIDString = E4F2EDDA1E8E9DEB005090AD;
			remoteInfo = HelloWindowHud;
		};
		E4F2EE001E8E9DEB005090AD /* PBXContainerItemProxy */ = {
			isa = PBXContainerItemProxy;
			containerPortal = E4F2EDD31E8E9DEB005090AD /* Project object */;
			proxyType = 1;
			remoteGlobalIDString = E4F2EDDA1E8E9DEB005090AD;
			remoteInfo = HelloWindowHud;
		};
/* End PBXContainerItemProxy section */

/* Begin PBXFileReference section */
		E4F2EDDB1E8E9DEB005090AD /* HelloWindowHud.app */ = {isa = PBXFileReference; explicitFileType = wrapper.application; includeInIndex = 0; path = HelloWindowHud.app; sourceTree = BUILT_PRODUCTS_DIR; };
		E4F2EDDF1E8E9DEB005090AD /* main.m */ = {isa = PBXFileReference; lastKnownFileType = sourcecode.c.objc; path = main.m; sourceTree = "<group>"; };
		E4F2EDE11E8E9DEB005090AD /* AppDelegate.h */ = {isa = PBXFileReference; lastKnownFileType = sourcecode.c.h; path = AppDelegate.h; sourceTree = "<group>"; };
		E4F2EDE21E8E9DEB005090AD /* AppDelegate.m */ = {isa = PBXFileReference; lastKnownFileType = sourcecode.c.objc; path = AppDelegate.m; sourceTree = "<group>"; };
		E4F2EDEA1E8E9DEB005090AD /* Assets.xcassets */ = {isa = PBXFileReference; lastKnownFileType = folder.assetcatalog; path = Assets.xcassets; sourceTree = "<group>"; };
		E4F2EDED1E8E9DEB005090AD /* Base */ = {isa = PBXFileReference; lastKnownFileType = file.storyboard; name = Base; path = Base.lproj/LaunchScreen.storyboard; sourceTree = "<group>"; };
		E4F2EDEF1E8E9DEB005090AD /* Info.plist */ = {isa = PBXFileReference; lastKnownFileType = text.plist.xml; path = Info.plist; sourceTree = "<group>"; };
		E4F2EDF41E8E9DEB005090AD /* HelloWindowHudTests.xctest */ = {isa = PBXFileReference; explicitFileType = wrapper.cfbundle; includeInIndex = 0; path = HelloWindowHudTests.xctest; sourceTree = BUILT_PRODUCTS_DIR; };
		E4F2EDF81E8E9DEB005090AD /* HelloWindowHudTests.m */ = {isa = PBXFileReference; lastKnownFileType = sourcecode.c.objc; path = HelloWindowHudTests.m; sourceTree = "<group>"; };
		E4F2EDFA1E8E9DEB005090AD /* Info.plist */ = {isa = PBXFileReference; lastKnownFileType = text.plist.xml; path = Info.plist; sourceTree = "<group>"; };
		E4F2EDFF1E8E9DEB005090AD /* HelloWindowHudUITests.xctest */ = {isa = PBXFileReference; explicitFileType = wrapper.cfbundle; includeInIndex = 0; path = HelloWindowHudUITests.xctest; sourceTree = BUILT_PRODUCTS_DIR; };
		E4F2EE031E8E9DEB005090AD /* HelloWindowHudUITests.m */ = {isa = PBXFileReference; lastKnownFileType = sourcecode.c.objc; path = HelloWindowHudUITests.m; sourceTree = "<group>"; };
		E4F2EE051E8E9DEB005090AD /* Info.plist */ = {isa = PBXFileReference; lastKnownFileType = text.plist.xml; path = Info.plist; sourceTree = "<group>"; };
		E4F2EE111E8E9E22005090AD /* HHExampleTableViewController.h */ = {isa = PBXFileReference; fileEncoding = 4; lastKnownFileType = sourcecode.c.h; path = HHExampleTableViewController.h; sourceTree = "<group>"; };
		E4F2EE121E8E9E22005090AD /* HHExampleTableViewController.m */ = {isa = PBXFileReference; fileEncoding = 4; lastKnownFileType = sourcecode.c.objc; path = HHExampleTableViewController.m; sourceTree = "<group>"; };
		E4F2EE151E8E9F59005090AD /* HelloWindowHud.h */ = {isa = PBXFileReference; fileEncoding = 4; lastKnownFileType = sourcecode.c.h; path = HelloWindowHud.h; sourceTree = "<group>"; };
		E4F2EE161E8E9F59005090AD /* HelloWindowHud.m */ = {isa = PBXFileReference; fileEncoding = 4; lastKnownFileType = sourcecode.c.objc; path = HelloWindowHud.m; sourceTree = "<group>"; };
/* End PBXFileReference section */

/* Begin PBXFrameworksBuildPhase section */
		E4F2EDD81E8E9DEB005090AD /* Frameworks */ = {
			isa = PBXFrameworksBuildPhase;
			buildActionMask = 2147483647;
			files = (
			);
			runOnlyForDeploymentPostprocessing = 0;
		};
		E4F2EDF11E8E9DEB005090AD /* Frameworks */ = {
			isa = PBXFrameworksBuildPhase;
			buildActionMask = 2147483647;
			files = (
			);
			runOnlyForDeploymentPostprocessing = 0;
		};
		E4F2EDFC1E8E9DEB005090AD /* Frameworks */ = {
			isa = PBXFrameworksBuildPhase;
			buildActionMask = 2147483647;
			files = (
			);
			runOnlyForDeploymentPostprocessing = 0;
		};
/* End PBXFrameworksBuildPhase section */

/* Begin PBXGroup section */
		E4F2EDD21E8E9DEB005090AD = {
			isa = PBXGroup;
			children = (
				E4F2EDDD1E8E9DEB005090AD /* HelloWindowHud */,
				E4F2EDF71E8E9DEB005090AD /* HelloWindowHudTests */,
				E4F2EE021E8E9DEB005090AD /* HelloWindowHudUITests */,
				E4F2EDDC1E8E9DEB005090AD /* Products */,
			);
			sourceTree = "<group>";
		};
		E4F2EDDC1E8E9DEB005090AD /* Products */ = {
			isa = PBXGroup;
			children = (
				E4F2EDDB1E8E9DEB005090AD /* HelloWindowHud.app */,
				E4F2EDF41E8E9DEB005090AD /* HelloWindowHudTests.xctest */,
				E4F2EDFF1E8E9DEB005090AD /* HelloWindowHudUITests.xctest */,
			);
			name = Products;
			sourceTree = "<group>";
		};
		E4F2EDDD1E8E9DEB005090AD /* HelloWindowHud */ = {
			isa = PBXGroup;
			children = (
				E4F2EE141E8E9F59005090AD /* HelloWindowHud */,
				E4F2EDE11E8E9DEB005090AD /* AppDelegate.h */,
				E4F2EDE21E8E9DEB005090AD /* AppDelegate.m */,
				E4F2EE111E8E9E22005090AD /* HHExampleTableViewController.h */,
				E4F2EE121E8E9E22005090AD /* HHExampleTableViewController.m */,
				E4F2EDEA1E8E9DEB005090AD /* Assets.xcassets */,
				E4F2EDEC1E8E9DEB005090AD /* LaunchScreen.storyboard */,
				E4F2EDEF1E8E9DEB005090AD /* Info.plist */,
				E4F2EDDE1E8E9DEB005090AD /* Supporting Files */,
			);
			path = HelloWindowHud;
			sourceTree = "<group>";
		};
		E4F2EDDE1E8E9DEB005090AD /* Supporting Files */ = {
			isa = PBXGroup;
			children = (
				E4F2EDDF1E8E9DEB005090AD /* main.m */,
			);
			name = "Supporting Files";
			sourceTree = "<group>";
		};
		E4F2EDF71E8E9DEB005090AD /* HelloWindowHudTests */ = {
			isa = PBXGroup;
			children = (
				E4F2EDF81E8E9DEB005090AD /* HelloWindowHudTests.m */,
				E4F2EDFA1E8E9DEB005090AD /* Info.plist */,
			);
			path = HelloWindowHudTests;
			sourceTree = "<group>";
		};
		E4F2EE021E8E9DEB005090AD /* HelloWindowHudUITests */ = {
			isa = PBXGroup;
			children = (
				E4F2EE031E8E9DEB005090AD /* HelloWindowHudUITests.m */,
				E4F2EE051E8E9DEB005090AD /* Info.plist */,
			);
			path = HelloWindowHudUITests;
			sourceTree = "<group>";
		};
		E4F2EE141E8E9F59005090AD /* HelloWindowHud */ = {
			isa = PBXGroup;
			children = (
				E4F2EE151E8E9F59005090AD /* HelloWindowHud.h */,
				E4F2EE161E8E9F59005090AD /* HelloWindowHud.m */,
			);
			path = HelloWindowHud;
			sourceTree = "<group>";
		};
/* End PBXGroup section */

/* Begin PBXNativeTarget section */
		E4F2EDDA1E8E9DEB005090AD /* HelloWindowHud */ = {
			isa = PBXNativeTarget;
			buildConfigurationList = E4F2EE081E8E9DEB005090AD /* Build configuration list for PBXNativeTarget "HelloWindowHud" */;
			buildPhases = (
				E4F2EDD71E8E9DEB005090AD /* Sources */,
				E4F2EDD81E8E9DEB005090AD /* Frameworks */,
				E4F2EDD91E8E9DEB005090AD /* Resources */,
			);
			buildRules = (
			);
			dependencies = (
			);
			name = HelloWindowHud;
			productName = HelloWindowHud;
			productReference = E4F2EDDB1E8E9DEB005090AD /* HelloWindowHud.app */;
			productType = "com.apple.product-type.application";
		};
		E4F2EDF31E8E9DEB005090AD /* HelloWindowHudTests */ = {
			isa = PBXNativeTarget;
			buildConfigurationList = E4F2EE0B1E8E9DEB005090AD /* Build configuration list for PBXNativeTarget "HelloWindowHudTests" */;
			buildPhases = (
				E4F2EDF01E8E9DEB005090AD /* Sources */,
				E4F2EDF11E8E9DEB005090AD /* Frameworks */,
				E4F2EDF21E8E9DEB005090AD /* Resources */,
			);
			buildRules = (
			);
			dependencies = (
				E4F2EDF61E8E9DEB005090AD /* PBXTargetDependency */,
			);
			name = HelloWindowHudTests;
			productName = HelloWindowHudTests;
			productReference = E4F2EDF41E8E9DEB005090AD /* HelloWindowHudTests.xctest */;
			productType = "com.apple.product-type.bundle.unit-test";
		};
		E4F2EDFE1E8E9DEB005090AD /* HelloWindowHudUITests */ = {
			isa = PBXNativeTarget;
			buildConfigurationList = E4F2EE0E1E8E9DEB005090AD /* Build configuration list for PBXNativeTarget "HelloWindowHudUITests" */;
			buildPhases = (
				E4F2EDFB1E8E9DEB005090AD /* Sources */,
				E4F2EDFC1E8E9DEB005090AD /* Frameworks */,
				E4F2EDFD1E8E9DEB005090AD /* Resources */,
			);
			buildRules = (
			);
			dependencies = (
				E4F2EE011E8E9DEB005090AD /* PBXTargetDependency */,
			);
			name = HelloWindowHudUITests;
			productName = HelloWindowHudUITests;
			productReference = E4F2EDFF1E8E9DEB005090AD /* HelloWindowHudUITests.xctest */;
			productType = "com.apple.product-type.bundle.ui-testing";
		};
/* End PBXNativeTarget section */

/* Begin PBXProject section */
		E4F2EDD31E8E9DEB005090AD /* Project object */ = {
			isa = PBXProject;
			attributes = {
				LastUpgradeCheck = 0820;
				ORGANIZATIONNAME = "guo hongquan";
				TargetAttributes = {
					E4F2EDDA1E8E9DEB005090AD = {
						CreatedOnToolsVersion = 8.2.1;
						DevelopmentTeam = S52T3A5PSC;
						ProvisioningStyle = Automatic;
					};
					E4F2EDF31E8E9DEB005090AD = {
						CreatedOnToolsVersion = 8.2.1;
						DevelopmentTeam = S52T3A5PSC;
						ProvisioningStyle = Automatic;
						TestTargetID = E4F2EDDA1E8E9DEB005090AD;
					};
					E4F2EDFE1E8E9DEB005090AD = {
						CreatedOnToolsVersion = 8.2.1;
						DevelopmentTeam = S52T3A5PSC;
						ProvisioningStyle = Automatic;
						TestTargetID = E4F2EDDA1E8E9DEB005090AD;
					};
				};
			};
			buildConfigurationList = E4F2EDD61E8E9DEB005090AD /* Build configuration list for PBXProject "HelloWindowHud" */;
			compatibilityVersion = "Xcode 3.2";
			developmentRegion = English;
			hasScannedForEncodings = 0;
			knownRegions = (
				en,
				Base,
			);
			mainGroup = E4F2EDD21E8E9DEB005090AD;
			productRefGroup = E4F2EDDC1E8E9DEB005090AD /* Products */;
			projectDirPath = "";
			projectRoot = "";
			targets = (
				E4F2EDDA1E8E9DEB005090AD /* HelloWindowHud */,
				E4F2EDF31E8E9DEB005090AD /* HelloWindowHudTests */,
				E4F2EDFE1E8E9DEB005090AD /* HelloWindowHudUITests */,
			);
		};
/* End PBXProject section */

/* Begin PBXResourcesBuildPhase section */
		E4F2EDD91E8E9DEB005090AD /* Resources */ = {
			isa = PBXResourcesBuildPhase;
			buildActionMask = 2147483647;
			files = (
				E4F2EDEE1E8E9DEB005090AD /* LaunchScreen.storyboard in Resources */,
				E4F2EDEB1E8E9DEB005090AD /* Assets.xcassets in Resources */,
			);
			runOnlyForDeploymentPostprocessing = 0;
		};
		E4F2EDF21E8E9DEB005090AD /* Resources */ = {
			isa = PBXResourcesBuildPhase;
			buildActionMask = 2147483647;
			files = (
			);
			runOnlyForDeploymentPostprocessing = 0;
		};
		E4F2EDFD1E8E9DEB005090AD /* Resources */ = {
			isa = PBXResourcesBuildPhase;
			buildActionMask = 2147483647;
			files = (
			);
			runOnlyForDeploymentPostprocessing = 0;
		};
/* End PBXResourcesBuildPhase section */

/* Begin PBXSourcesBuildPhase section */
		E4F2EDD71E8E9DEB005090AD /* Sources */ = {
			isa = PBXSourcesBuildPhase;
			buildActionMask = 2147483647;
			files = (
				E4F2EE171E8E9F59005090AD /* HelloWindowHud.m in Sources */,
				E4F2EE131E8E9E22005090AD /* HHExampleTableViewController.m in Sources */,
				E4F2EDE31E8E9DEB005090AD /* AppDelegate.m in Sources */,
				E4F2EDE01E8E9DEB005090AD /* main.m in Sources */,
			);
			runOnlyForDeploymentPostprocessing = 0;
		};
		E4F2EDF01E8E9DEB005090AD /* Sources */ = {
			isa = PBXSourcesBuildPhase;
			buildActionMask = 2147483647;
			files = (
				E4F2EDF91E8E9DEB005090AD /* HelloWindowHudTests.m in Sources */,
			);
			runOnlyForDeploymentPostprocessing = 0;
		};
		E4F2EDFB1E8E9DEB005090AD /* Sources */ = {
			isa = PBXSourcesBuildPhase;
			buildActionMask = 2147483647;
			files = (
				E4F2EE041E8E9DEB005090AD /* HelloWindowHudUITests.m in Sources */,
			);
			runOnlyForDeploymentPostprocessing = 0;
		};
/* End PBXSourcesBuildPhase section */

/* Begin PBXTargetDependency section */
		E4F2EDF61E8E9DEB005090AD /* PBXTargetDependency */ = {
			isa = PBXTargetDependency;
			target = E4F2EDDA1E8E9DEB005090AD /* HelloWindowHud */;
			targetProxy = E4F2EDF51E8E9DEB005090AD /* PBXContainerItemProxy */;
		};
		E4F2EE011E8E9DEB005090AD /* PBXTargetDependency */ = {
			isa = PBXTargetDependency;
			target = E4F2EDDA1E8E9DEB005090AD /* HelloWindowHud */;
			targetProxy = E4F2EE001E8E9DEB005090AD /* PBXContainerItemProxy */;
		};
/* End PBXTargetDependency section */

/* Begin PBXVariantGroup section */
		E4F2EDEC1E8E9DEB005090AD /* LaunchScreen.storyboard */ = {
			isa = PBXVariantGroup;
			children = (
				E4F2EDED1E8E9DEB005090AD /* Base */,
			);
			name = LaunchScreen.storyboard;
			sourceTree = "<group>";
		};
/* End PBXVariantGroup section */

/* Begin XCBuildConfiguration section */
		E4F2EE061E8E9DEB005090AD /* Debug */ = {
			isa = XCBuildConfiguration;
			buildSettings = {
				ALWAYS_SEARCH_USER_PATHS = NO;
				CLANG_ANALYZER_NONNULL = YES;
				CLANG_CXX_LANGUAGE_STANDARD = "gnu++0x";
				CLANG_CXX_LIBRARY = "libc++";
				CLANG_ENABLE_MODULES = YES;
				CLANG_ENABLE_OBJC_ARC = YES;
				CLANG_WARN_BOOL_CONVERSION = YES;
				CLANG_WARN_CONSTANT_CONVERSION = YES;
				CLANG_WARN_DIRECT_OBJC_ISA_USAGE = YES_ERROR;
				CLANG_WARN_DOCUMENTATION_COMMENTS = YES;
				CLANG_WARN_EMPTY_BODY = YES;
				CLANG_WARN_ENUM_CONVERSION = YES;
				CLANG_WARN_INFINITE_RECURSION = YES;
				CLANG_WARN_INT_CONVERSION = YES;
				CLANG_WARN_OBJC_ROOT_CLASS = YES_ERROR;
				CLANG_WARN_SUSPICIOUS_MOVE = YES;
				CLANG_WARN_UNREACHABLE_CODE = YES;
				CLANG_WARN__DUPLICATE_METHOD_MATCH = YES;
				"CODE_SIGN_IDENTITY[sdk=iphoneos*]" = "iPhone Developer";
				COPY_PHASE_STRIP = NO;
				DEBUG_INFORMATION_FORMAT = dwarf;
				ENABLE_STRICT_OBJC_MSGSEND = YES;
				ENABLE_TESTABILITY = YES;
				GCC_C_LANGUAGE_STANDARD = gnu99;
				GCC_DYNAMIC_NO_PIC = NO;
				GCC_NO_COMMON_BLOCKS = YES;
				GCC_OPTIMIZATION_LEVEL = 0;
				GCC_PREPROCESSOR_DEFINITIONS = (
					"DEBUG=1",
					"$(inherited)",
				);
				GCC_WARN_64_TO_32_BIT_CONVERSION = YES;
				GCC_WARN_ABOUT_RETURN_TYPE = YES_ERROR;
				GCC_WARN_UNDECLARED_SELECTOR = YES;
				GCC_WARN_UNINITIALIZED_AUTOS = YES_AGGRESSIVE;
				GCC_WARN_UNUSED_FUNCTION = YES;
				GCC_WARN_UNUSED_VARIABLE = YES;
				IPHONEOS_DEPLOYMENT_TARGET = 10.2;
				MTL_ENABLE_DEBUG_INFO = YES;
				ONLY_ACTIVE_ARCH = YES;
				SDKROOT = iphoneos;
				TARGETED_DEVICE_FAMILY = "1,2";
			};
			name = Debug;
		};
		E4F2EE071E8E9DEB005090AD /* Release */ = {
			isa = XCBuildConfiguration;
			buildSettings = {
				ALWAYS_SEARCH_USER_PATHS = NO;
				CLANG_ANALYZER_NONNULL = YES;
				CLANG_CXX_LANGUAGE_STANDARD = "gnu++0x";
				CLANG_CXX_LIBRARY = "libc++";
				CLANG_ENABLE_MODULES = YES;
				CLANG_ENABLE_OBJC_ARC = YES;
				CLANG_WARN_BOOL_CONVERSION = YES;
				CLANG_WARN_CONSTANT_CONVERSION = YES;
				CLANG_WARN_DIRECT_OBJC_ISA_USAGE = YES_ERROR;
				CLANG_WARN_DOCUMENTATION_COMMENTS = YES;
				CLANG_WARN_EMPTY_BODY = YES;
				CLANG_WARN_ENUM_CONVERSION = YES;
				CLANG_WARN_INFINITE_RECURSION = YES;
				CLANG_WARN_INT_CONVERSION = YES;
				CLANG_WARN_OBJC_ROOT_CLASS = YES_ERROR;
				CLANG_WARN_SUSPICIOUS_MOVE = YES;
				CLANG_WARN_UNREACHABLE_CODE = YES;
				CLANG_WARN__DUPLICATE_METHOD_MATCH = YES;
				"CODE_SIGN_IDENTITY[sdk=iphoneos*]" = "iPhone Developer";
				COPY_PHASE_STRIP = NO;
				DEBUG_INFORMATION_FORMAT = "dwarf-with-dsym";
				ENABLE_NS_ASSERTIONS = NO;
				ENABLE_STRICT_OBJC_MSGSEND = YES;
				GCC_C_LANGUAGE_STANDARD = gnu99;
				GCC_NO_COMMON_BLOCKS = YES;
				GCC_WARN_64_TO_32_BIT_CONVERSION = YES;
				GCC_WARN_ABOUT_RETURN_TYPE = YES_ERROR;
				GCC_WARN_UNDECLARED_SELECTOR = YES;
				GCC_WARN_UNINITIALIZED_AUTOS = YES_AGGRESSIVE;
				GCC_WARN_UNUSED_FUNCTION = YES;
				GCC_WARN_UNUSED_VARIABLE = YES;
				IPHONEOS_DEPLOYMENT_TARGET = 10.2;
				MTL_ENABLE_DEBUG_INFO = NO;
				SDKROOT = iphoneos;
				TARGETED_DEVICE_FAMILY = "1,2";
				VALIDATE_PRODUCT = YES;
			};
			name = Release;
		};
		E4F2EE091E8E9DEB005090AD /* Debug */ = {
			isa = XCBuildConfiguration;
			buildSettings = {
				ASSETCATALOG_COMPILER_APPICON_NAME = AppIcon;
				DEVELOPMENT_TEAM = S52T3A5PSC;
				INFOPLIST_FILE = HelloWindowHud/Info.plist;
				LD_RUNPATH_SEARCH_PATHS = "$(inherited) @executable_path/Frameworks";
				PRODUCT_BUNDLE_IDENTIFIER = HH.HelloWindowHud;
				PRODUCT_NAME = "$(TARGET_NAME)";
			};
			name = Debug;
		};
		E4F2EE0A1E8E9DEB005090AD /* Release */ = {
			isa = XCBuildConfiguration;
			buildSettings = {
				ASSETCATALOG_COMPILER_APPICON_NAME = AppIcon;
				DEVELOPMENT_TEAM = S52T3A5PSC;
				INFOPLIST_FILE = HelloWindowHud/Info.plist;
				LD_RUNPATH_SEARCH_PATHS = "$(inherited) @executable_path/Frameworks";
				PRODUCT_BUNDLE_IDENTIFIER = HH.HelloWindowHud;
				PRODUCT_NAME = "$(TARGET_NAME)";
			};
			name = Release;
		};
		E4F2EE0C1E8E9DEB005090AD /* Debug */ = {
			isa = XCBuildConfiguration;
			buildSettings = {
				BUNDLE_LOADER = "$(TEST_HOST)";
				DEVELOPMENT_TEAM = S52T3A5PSC;
				INFOPLIST_FILE = HelloWindowHudTests/Info.plist;
				LD_RUNPATH_SEARCH_PATHS = "$(inherited) @executable_path/Frameworks @loader_path/Frameworks";
				PRODUCT_BUNDLE_IDENTIFIER = HH.HelloWindowHudTests;
				PRODUCT_NAME = "$(TARGET_NAME)";
				TEST_HOST = "$(BUILT_PRODUCTS_DIR)/HelloWindowHud.app/HelloWindowHud";
			};
			name = Debug;
		};
		E4F2EE0D1E8E9DEB005090AD /* Release */ = {
			isa = XCBuildConfiguration;
			buildSettings = {
				BUNDLE_LOADER = "$(TEST_HOST)";
				DEVELOPMENT_TEAM = S52T3A5PSC;
				INFOPLIST_FILE = HelloWindowHudTests/Info.plist;
				LD_RUNPATH_SEARCH_PATHS = "$(inherited) @executable_path/Frameworks @loader_path/Frameworks";
				PRODUCT_BUNDLE_IDENTIFIER = HH.HelloWindowHudTests;
				PRODUCT_NAME = "$(TARGET_NAME)";
				TEST_HOST = "$(BUILT_PRODUCTS_DIR)/HelloWindowHud.app/HelloWindowHud";
			};
			name = Release;
		};
		E4F2EE0F1E8E9DEB005090AD /* Debug */ = {
			isa = XCBuildConfiguration;
			buildSettings = {
				DEVELOPMENT_TEAM = S52T3A5PSC;
				INFOPLIST_FILE = HelloWindowHudUITests/Info.plist;
				LD_RUNPATH_SEARCH_PATHS = "$(inherited) @executable_path/Frameworks @loader_path/Frameworks";
				PRODUCT_BUNDLE_IDENTIFIER = HH.HelloWindowHudUITests;
				PRODUCT_NAME = "$(TARGET_NAME)";
				TEST_TARGET_NAME = HelloWindowHud;
			};
			name = Debug;
		};
		E4F2EE101E8E9DEB005090AD /* Release */ = {
			isa = XCBuildConfiguration;
			buildSettings = {
				DEVELOPMENT_TEAM = S52T3A5PSC;
				INFOPLIST_FILE = HelloWindowHudUITests/Info.plist;
				LD_RUNPATH_SEARCH_PATHS = "$(inherited) @executable_path/Frameworks @loader_path/Frameworks";
				PRODUCT_BUNDLE_IDENTIFIER = HH.HelloWindowHudUITests;
				PRODUCT_NAME = "$(TARGET_NAME)";
				TEST_TARGET_NAME = HelloWindowHud;
			};
			name = Release;
		};
/* End XCBuildConfiguration section */

/* Begin XCConfigurationList section */
		E4F2EDD61E8E9DEB005090AD /* Build configuration list for PBXProject "HelloWindowHud" */ = {
			isa = XCConfigurationList;
			buildConfigurations = (
				E4F2EE061E8E9DEB005090AD /* Debug */,
				E4F2EE071E8E9DEB005090AD /* Release */,
			);
			defaultConfigurationIsVisible = 0;
			defaultConfigurationName = Release;
		};
		E4F2EE081E8E9DEB005090AD /* Build configuration list for PBXNativeTarget "HelloWindowHud" */ = {
			isa = XCConfigurationList;
			buildConfigurations = (
				E4F2EE091E8E9DEB005090AD /* Debug */,
				E4F2EE0A1E8E9DEB005090AD /* Release */,
			);
			defaultConfigurationIsVisible = 0;
		};
		E4F2EE0B1E8E9DEB005090AD /* Build configuration list for PBXNativeTarget "HelloWindowHudTests" */ = {
			isa = XCConfigurationList;
			buildConfigurations = (
				E4F2EE0C1E8E9DEB005090AD /* Debug */,
				E4F2EE0D1E8E9DEB005090AD /* Release */,
			);
			defaultConfigurationIsVisible = 0;
		};
		E4F2EE0E1E8E9DEB005090AD /* Build configuration list for PBXNativeTarget "HelloWindowHudUITests" */ = {
			isa = XCConfigurationList;
			buildConfigurations = (
				E4F2EE0F1E8E9DEB005090AD /* Debug */,
				E4F2EE101E8E9DEB005090AD /* Release */,
			);
			defaultConfigurationIsVisible = 0;
		};
/* End XCConfigurationList section */
	};
	rootObject = E4F2EDD31E8E9DEB005090AD /* Project object */;
}
